
Microsoft Visual Studio Solution File, Format Version 12.00
Project("{FAE04EC0-301F-11D3-BF4B-00C04F79EFBC}") = "iOSClub.OJCoding", "iOSClub.OJCoding\iOSClub.OJCoding.csproj", "{07CB57BD-AA30-437B-8B44-26DF1986E82E}"
EndProject
Project("{FAE04EC0-301F-11D3-BF4B-00C04F79EFBC}") = "OJCoding.Share", "OJCoding.Share\OJCoding.Share.csproj", "{F24FFBEA-10ED-4332-ADA9-A23625BABC6D}"
EndProject
Global
	GlobalSection(SolutionConfigurationPlatforms) = preSolution
		Debug|Any CPU = Debug|Any CPU
		Release|Any CPU = Release|Any CPU
	EndGlobalSection
	GlobalSection(ProjectConfigurationPlatforms) = postSolution
		{07CB57BD-AA30-437B-8B44-26DF1986E82E}.Debug|Any CPU.ActiveCfg = Debug|Any CPU
		{07CB57BD-AA30-437B-8B44-26DF1986E82E}.Debug|Any CPU.Build.0 = Debug|Any CPU
		{07CB57BD-AA30-437B-8B44-26DF1986E82E}.Release|Any CPU.ActiveCfg = Release|Any CPU
		{07CB57BD-AA30-437B-8B44-26DF1986E82E}.Release|Any CPU.Build.0 = Release|Any CPU
		{F24FFBEA-10ED-4332-ADA9-A23625BABC6D}.Debug|Any CPU.ActiveCfg = Debug|Any CPU
		{F24FFBEA-10ED-4332-ADA9-A23625BABC6D}.Debug|Any CPU.Build.0 = Debug|Any CPU
		{F24FFBEA-10ED-4332-ADA9-A23625BABC6D}.Release|Any CPU.ActiveCfg = Release|Any CPU
		{F24FFBEA-10ED-4332-ADA9-A23625BABC6D}.Release|Any CPU.Build.0 = Release|Any CPU
	EndGlobalSection
EndGlobal
